PODS:
  - Flutter (1.0.0)
  - flutter_wechat_login (0.0.1):
    - Flutter
  - integration_test (0.0.1):
    - Flutter

DEPENDENCIES:
  - Flutter (from `Flutter`)
  - flutter_wechat_login (from `.symlinks/plugins/flutter_wechat_login/ios`)
  - integration_test (from `.symlinks/plugins/integration_test/ios`)

EXTERNAL SOURCES:
  Flutter:
    :path: Flutter
  flutter_wechat_login:
    :path: ".symlinks/plugins/flutter_wechat_login/ios"
  integration_test:
    :path: ".symlinks/plugins/integration_test/ios"

SPEC CHECKSUMS:
  Flutter: f04841e97a9d0b0a8025694d0796dd46242b2854
  flutter_wechat_login: f9dcc453cad7a4db23ec86968c29620ae7cb7aa9
  integration_test: 13825b8a9334a850581300559b8839134b124670

PODFILE CHECKSUM: e28ead4508118c5f517a81208a3e09d955aa14cb

COCOAPODS: 1.12.1
